
Microsoft Visual Studio Solution File, Format Version 12.00
# Visual Studio Version 16
VisualStudioVersion = 16.0.29613.14
MinimumVisualStudioVersion = 10.0.40219.1
Project("{8BC9CEB8-8B4A-11D0-8D11-00A0C91BC942}") = "AttractorGenerator", "AttractorGenerator\AttractorGenerator.vcxproj", "{FAF08109-49AF-4791-AC54-1521F0724259}"
EndProject
Global
	GlobalSection(SolutionConfigurationPlatforms) = preSolution
		Debug|x64 = Debug|x64
		Debug|x86 = Debug|x86
		Release|x64 = Release|x64
		Release|x86 = Release|x86
	EndGlobalSection
	GlobalSection(ProjectConfigurationPlatforms) = postSolution
		{FAF08109-49AF-4791-AC54-1521F0724259}.Debug|x64.ActiveCfg = Debug|x64
		{FAF08109-49AF-4791-AC54-1521F0724259}.Debug|x64.Build.0 = Debug|x64
		{FAF08109-49AF-4791-AC54-1521F0724259}.Debug|x86.ActiveCfg = Debug|Win32
		{FAF08109-49AF-4791-AC54-1521F0724259}.Debug|x86.Build.0 = Debug|Win32
		{FAF08109-49AF-4791-AC54-1521F0724259}.Release|x64.ActiveCfg = Release|x64
		{FAF08109-49AF-4791-AC54-1521F0724259}.Release|x64.Build.0 = Release|x64
		{FAF08109-49AF-4791-AC54-1521F0724259}.Release|x86.ActiveCfg = Release|Win32
		{FAF08109-49AF-4791-AC54-1521F0724259}.Release|x86.Build.0 = Release|Win32
	EndGlobalSection
	GlobalSection(SolutionProperties) = preSolution
		HideSolutionNode = FALSE
	EndGlobalSection
	GlobalSection(ExtensibilityGlobals) = postSolution
		SolutionGuid = {723EC73B-93FC-4E6D-B324-26B35480834D}
	EndGlobalSection
EndGlobal
